# THIS IS AN AUTOGENERATED FILE. DO NOT EDIT THIS FILE DIRECTLY.
# yarn lockfile v1


md5-file@^5.0.0:
  version "5.0.0"
  resolved "https://registry.npmmirror.com/md5-file/-/md5-file-5.0.0.tgz#e519f631feca9c39e7f9ea1780b63c4745012e20"
  integrity sha512-xbEFXCYVWrSx/gEKS1VPlg84h/4L20znVIulKw6kMfmBUAZNAnF00eczz9ICMl+/hjQGo5KSXRxbL/47X3rmMw==
